
Microsoft Visual Studio Solution File, Format Version 12.00
# Visual Studio 15
VisualStudioVersion = 15.0.28307.329
MinimumVisualStudioVersion = 10.0.40219.1
Project("{FAE04EC0-301F-11D3-BF4B-00C04F79EFBC}") = "Wuther.SignalR", "Wuther.SignalR\Wuther.SignalR.csproj", "{C784BE2C-4983-47EB-B231-8CF2962F7003}"
EndProject
Project("{FAE04EC0-301F-11D3-BF4B-00C04F79EFBC}") = "Wuther.GraphQl", "Wuther.GraphQl\Wuther.GraphQl.csproj", "{3E533CCC-3465-4586-BB22-307B231C062F}"
EndProject
Global
	GlobalSection(SolutionConfigurationPlatforms) = preSolution
		Debug|Any CPU = Debug|Any CPU
		Release|Any CPU = Release|Any CPU
	EndGlobalSection
	GlobalSection(ProjectConfigurationPlatforms) = postSolution
		{C784BE2C-4983-47EB-B231-8CF2962F7003}.Debug|Any CPU.ActiveCfg = Debug|Any CPU
		{C784BE2C-4983-47EB-B231-8CF2962F7003}.Debug|Any CPU.Build.0 = Debug|Any CPU
		{C784BE2C-4983-47EB-B231-8CF2962F7003}.Release|Any CPU.ActiveCfg = Release|Any CPU
		{C784BE2C-4983-47EB-B231-8CF2962F7003}.Release|Any CPU.Build.0 = Release|Any CPU
		{3E533CCC-3465-4586-BB22-307B231C062F}.Debug|Any CPU.ActiveCfg = Debug|Any CPU
		{3E533CCC-3465-4586-BB22-307B231C062F}.Debug|Any CPU.Build.0 = Debug|Any CPU
		{3E533CCC-3465-4586-BB22-307B231C062F}.Release|Any CPU.ActiveCfg = Release|Any CPU
		{3E533CCC-3465-4586-BB22-307B231C062F}.Release|Any CPU.Build.0 = Release|Any CPU
	EndGlobalSection
	GlobalSection(SolutionProperties) = preSolution
		HideSolutionNode = FALSE
	EndGlobalSection
	GlobalSection(ExtensibilityGlobals) = postSolution
		SolutionGuid = {04EB799B-79E0-4804-95F4-877CF02C1CF3}
	EndGlobalSection
EndGlobal
